// !$*UTF8*$!
{
	archiveVersion = 1;
	classes = {
	};
	objectVersion = 46;
	objects = {

/* Begin PBXBuildFile section */
		264AA0FFF28197A674D89F46 /* Pods_NewVideoTest.framework in Frameworks */ = {isa = PBXBuildFile; fileRef = D4ACE37BBAB9C74C30FDE07A /* Pods_NewVideoTest.framework */; };
		2E0980806AD68F0FBB054788 /* Pods_NewVideoTestUITests.framework in Frameworks */ = {isa = PBXBuildFile; fileRef = 0A0F39E3E7D28466136D2679 /* Pods_NewVideoTestUITests.framework */; };
		8236A6581F5C1130006F8F26 /* AppDelegate.swift in Sources */ = {isa = PBXBuildFile; fileRef = 8236A6571F5C1130006F8F26 /* AppDelegate.swift */; };
		8236A65A1F5C1130006F8F26 /* ViewController.swift in Sources */ = {isa = PBXBuildFile; fileRef = 8236A6591F5C1130006F8F26 /* ViewController.swift */; };
		8236A65D1F5C1130006F8F26 /* Main.storyboard in Resources */ = {isa = PBXBuildFile; fileRef = 8236A65B1F5C1130006F8F26 /* Main.storyboard */; };
		8236A65F1F5C1130006F8F26 /* Assets.xcassets in Resources */ = {isa = PBXBuildFile; fileRef = 8236A65E1F5C1130006F8F26 /* Assets.xcassets */; };
		8236A6621F5C1130006F8F26 /* LaunchScreen.storyboard in Resources */ = {isa = PBXBuildFile; fileRef = 8236A6601F5C1130006F8F26 /* LaunchScreen.storyboard */; };
		8236A66D1F5C1130006F8F26 /* NewVideoTestTests.swift in Sources */ = {isa = PBXBuildFile; fileRef = 8236A66C1F5C1130006F8F26 /* NewVideoTestTests.swift */; };
		8236A6781F5C1130006F8F26 /* NewVideoTestUITests.swift in Sources */ = {isa = PBXBuildFile; fileRef = 8236A6771F5C1130006F8F26 /* NewVideoTestUITests.swift */; };
		8236A6871F5C1389006F8F26 /* Player.swift in Sources */ = {isa = PBXBuildFile; fileRef = 8236A6861F5C1389006F8F26 /* Player.swift */; };
		8236A6891F5C13A6006F8F26 /* JSPlayer.html in Resources */ = {isa = PBXBuildFile; fileRef = 8236A6881F5C13A6006F8F26 /* JSPlayer.html */; };
		8236A68C1F5C2939006F8F26 /* PagerVC.swift in Sources */ = {isa = PBXBuildFile; fileRef = 8236A68B1F5C2939006F8F26 /* PagerVC.swift */; };
		8236A6911F5C2F6D006F8F26 /* PlayerView.swift in Sources */ = {isa = PBXBuildFile; fileRef = 8236A68F1F5C2F6D006F8F26 /* PlayerView.swift */; };
		8236A6921F5C2F6D006F8F26 /* PlayerView.xib in Resources */ = {isa = PBXBuildFile; fileRef = 8236A6901F5C2F6D006F8F26 /* PlayerView.xib */; };
		828F82DD1F64FDC4003DB8E5 /* XCDPlayerVC.swift in Sources */ = {isa = PBXBuildFile; fileRef = 828F82DC1F64FDC4003DB8E5 /* XCDPlayerVC.swift */; };
		828F82E01F64FDDE003DB8E5 /* XCDPlayerView.swift in Sources */ = {isa = PBXBuildFile; fileRef = 828F82DE1F64FDDE003DB8E5 /* XCDPlayerView.swift */; };
		828F82E11F64FDDE003DB8E5 /* XCDPlayerView.xib in Resources */ = {isa = PBXBuildFile; fileRef = 828F82DF1F64FDDE003DB8E5 /* XCDPlayerView.xib */; };
		828F82EA1F665006003DB8E5 /* XCDAVPlayerVC.swift in Sources */ = {isa = PBXBuildFile; fileRef = 828F82E91F665006003DB8E5 /* XCDAVPlayerVC.swift */; };
		828F82EF1F66AFB0003DB8E5 /* Looper2.swift in Sources */ = {isa = PBXBuildFile; fileRef = 828F82EE1F66AFB0003DB8E5 /* Looper2.swift */; };
		828F82F31F66B1DA003DB8E5 /* LooperViewController.swift in Sources */ = {isa = PBXBuildFile; fileRef = 828F82F21F66B1DA003DB8E5 /* LooperViewController.swift */; };
		828F82F51F66C4D8003DB8E5 /* QueuePlayerLooper2.swift in Sources */ = {isa = PBXBuildFile; fileRef = 828F82F41F66C4D8003DB8E5 /* QueuePlayerLooper2.swift */; };
		828F82FA1F67A102003DB8E5 /* Looper.swift in Sources */ = {isa = PBXBuildFile; fileRef = 828F82F71F67A102003DB8E5 /* Looper.swift */; };
		828F82FB1F67A102003DB8E5 /* PlayerLooper.swift in Sources */ = {isa = PBXBuildFile; fileRef = 828F82F81F67A102003DB8E5 /* PlayerLooper.swift */; };
		828F82FC1F67A102003DB8E5 /* QueuePlayerLooper.swift in Sources */ = {isa = PBXBuildFile; fileRef = 828F82F91F67A102003DB8E5 /* QueuePlayerLooper.swift */; };
		828F82FE1F67A207003DB8E5 /* ServerPlayerVC.swift in Sources */ = {isa = PBXBuildFile; fileRef = 828F82FD1F67A207003DB8E5 /* ServerPlayerVC.swift */; };
		828F83041F67A916003DB8E5 /* ServerPlayerView.swift in Sources */ = {isa = PBXBuildFile; fileRef = 828F83031F67A916003DB8E5 /* ServerPlayerView.swift */; };
		82A980931F5E652200DC0D21 /* SinglePlayerVC.swift in Sources */ = {isa = PBXBuildFile; fileRef = 82A980921F5E652200DC0D21 /* SinglePlayerVC.swift */; };
		82A980961F5E653700DC0D21 /* SinglePlayerView.swift in Sources */ = {isa = PBXBuildFile; fileRef = 82A980941F5E653700DC0D21 /* SinglePlayerView.swift */; };
		82A980971F5E653700DC0D21 /* SinglePlayerView.xib in Resources */ = {isa = PBXBuildFile; fileRef = 82A980951F5E653700DC0D21 /* SinglePlayerView.xib */; };
		82A980991F5E655400DC0D21 /* SinglePlayerWebView.swift in Sources */ = {isa = PBXBuildFile; fileRef = 82A980981F5E655400DC0D21 /* SinglePlayerWebView.swift */; };
		82A9809B1F5E694100DC0D21 /* SingleJSPlayer.html in Resources */ = {isa = PBXBuildFile; fileRef = 82A9809A1F5E694100DC0D21 /* SingleJSPlayer.html */; };
		82A9809F1F5EBC7700DC0D21 /* YouTubePlayer.swift in Sources */ = {isa = PBXBuildFile; fileRef = 82A9809D1F5EBC7700DC0D21 /* YouTubePlayer.swift */; };
		82A980A01F5EBC7700DC0D21 /* YTPlayer.html in Resources */ = {isa = PBXBuildFile; fileRef = 82A9809E1F5EBC7700DC0D21 /* YTPlayer.html */; };
		BF2068A3A0FD5A067E67BDEB /* Pods_NewVideoTestTests.framework in Frameworks */ = {isa = PBXBuildFile; fileRef = E3DD2CA04647CF84E8F322DB /* Pods_NewVideoTestTests.framework */; };
/* End PBXBuildFile section */

/* Begin PBXContainerItemProxy section */
		8236A6691F5C1130006F8F26 /* PBXContainerItemProxy */ = {
			isa = PBXContainerItemProxy;
			containerPortal = 8236A64C1F5C1130006F8F26 /* Project object */;
			proxyType = 1;
			remoteGlobalIDString = 8236A6531F5C1130006F8F26;
			remoteInfo = NewVideoTest;
		};
		8236A6741F5C1130006F8F26 /* PBXContainerItemProxy */ = {
			isa = PBXContainerItemProxy;
			containerPortal = 8236A64C1F5C1130006F8F26 /* Project object */;
			proxyType = 1;
			remoteGlobalIDString = 8236A6531F5C1130006F8F26;
			remoteInfo = NewVideoTest;
		};
/* End PBXContainerItemProxy section */

/* Begin PBXFileReference section */
		0A0F39E3E7D28466136D2679 /* Pods_NewVideoTestUITests.framework */ = {isa = PBXFileReference; explicitFileType = wrapper.framework; includeInIndex = 0; path = Pods_NewVideoTestUITests.framework; sourceTree = BUILT_PRODUCTS_DIR; };
		497922E4B206B1375100C40F /* Pods-NewVideoTestTests.debug.xcconfig */ = {isa = PBXFileReference; includeInIndex = 1; lastKnownFileType = text.xcconfig; name = "Pods-NewVideoTestTests.debug.xcconfig"; path = "Pods/Target Support Files/Pods-NewVideoTestTests/Pods-NewVideoTestTests.debug.xcconfig"; sourceTree = "<group>"; };
		5245192DADEED966E4F13AF8 /* Pods-NewVideoTestUITests.release.xcconfig */ = {isa = PBXFileReference; includeInIndex = 1; lastKnownFileType = text.xcconfig; name = "Pods-NewVideoTestUITests.release.xcconfig"; path = "Pods/Target Support Files/Pods-NewVideoTestUITests/Pods-NewVideoTestUITests.release.xcconfig"; sourceTree = "<group>"; };
		5A525EB604542688E187D141 /* Pods-NewVideoTestUITests.debug.xcconfig */ = {isa = PBXFileReference; includeInIndex = 1; lastKnownFileType = text.xcconfig; name = "Pods-NewVideoTestUITests.debug.xcconfig"; path = "Pods/Target Support Files/Pods-NewVideoTestUITests/Pods-NewVideoTestUITests.debug.xcconfig"; sourceTree = "<group>"; };
		62F3DB8E05D3ADA0991CEB98 /* Pods-NewVideoTestTests.release.xcconfig */ = {isa = PBXFileReference; includeInIndex = 1; lastKnownFileType = text.xcconfig; name = "Pods-NewVideoTestTests.release.xcconfig"; path = "Pods/Target Support Files/Pods-NewVideoTestTests/Pods-NewVideoTestTests.release.xcconfig"; sourceTree = "<group>"; };
		6ECEB5EA9EC72A0E762A1000 /* Pods-NewVideoTest.release.xcconfig */ = {isa = PBXFileReference; includeInIndex = 1; lastKnownFileType = text.xcconfig; name = "Pods-NewVideoTest.release.xcconfig"; path = "Pods/Target Support Files/Pods-NewVideoTest/Pods-NewVideoTest.release.xcconfig"; sourceTree = "<group>"; };
		8236A6541F5C1130006F8F26 /* NewVideoTest.app */ = {isa = PBXFileReference; explicitFileType = wrapper.application; includeInIndex = 0; path = NewVideoTest.app; sourceTree = BUILT_PRODUCTS_DIR; };
		8236A6571F5C1130006F8F26 /* AppDelegate.swift */ = {isa = PBXFileReference; lastKnownFileType = sourcecode.swift; path = AppDelegate.swift; sourceTree = "<group>"; };
		8236A6591F5C1130006F8F26 /* ViewController.swift */ = {isa = PBXFileReference; lastKnownFileType = sourcecode.swift; path = ViewController.swift; sourceTree = "<group>"; };
		8236A65C1F5C1130006F8F26 /* Base */ = {isa = PBXFileReference; lastKnownFileType = file.storyboard; name = Base; path = Base.lproj/Main.storyboard; sourceTree = "<group>"; };
		8236A65E1F5C1130006F8F26 /* Assets.xcassets */ = {isa = PBXFileReference; lastKnownFileType = folder.assetcatalog; path = Assets.xcassets; sourceTree = "<group>"; };
		8236A6611F5C1130006F8F26 /* Base */ = {isa = PBXFileReference; lastKnownFileType = file.storyboard; name = Base; path = Base.lproj/LaunchScreen.storyboard; sourceTree = "<group>"; };
		8236A6631F5C1130006F8F26 /* Info.plist */ = {isa = PBXFileReference; lastKnownFileType = text.plist.xml; path = Info.plist; sourceTree = "<group>"; };
		8236A6681F5C1130006F8F26 /* NewVideoTestTests.xctest */ = {isa = PBXFileReference; explicitFileType = wrapper.cfbundle; includeInIndex = 0; path = NewVideoTestTests.xctest; sourceTree = BUILT_PRODUCTS_DIR; };
		8236A66C1F5C1130006F8F26 /* NewVideoTestTests.swift */ = {isa = PBXFileReference; lastKnownFileType = sourcecode.swift; path = NewVideoTestTests.swift; sourceTree = "<group>"; };
		8236A66E1F5C1130006F8F26 /* Info.plist */ = {isa = PBXFileReference; lastKnownFileType = text.plist.xml; path = Info.plist; sourceTree = "<group>"; };
		8236A6731F5C1130006F8F26 /* NewVideoTestUITests.xctest */ = {isa = PBXFileReference; explicitFileType = wrapper.cfbundle; includeInIndex = 0; path = NewVideoTestUITests.xctest; sourceTree = BUILT_PRODUCTS_DIR; };
		8236A6771F5C1130006F8F26 /* NewVideoTestUITests.swift */ = {isa = PBXFileReference; lastKnownFileType = sourcecode.swift; path = NewVideoTestUITests.swift; sourceTree = "<group>"; };
		8236A6791F5C1130006F8F26 /* Info.plist */ = {isa = PBXFileReference; lastKnownFileType = text.plist.xml; path = Info.plist; sourceTree = "<group>"; };
		8236A6861F5C1389006F8F26 /* Player.swift */ = {isa = PBXFileReference; fileEncoding = 4; lastKnownFileType = sourcecode.swift; path = Player.swift; sourceTree = "<group>"; };
		8236A6881F5C13A6006F8F26 /* JSPlayer.html */ = {isa = PBXFileReference; fileEncoding = 4; lastKnownFileType = text.html; path = JSPlayer.html; sourceTree = "<group>"; };
		8236A68B1F5C2939006F8F26 /* PagerVC.swift */ = {isa = PBXFileReference; fileEncoding = 4; lastKnownFileType = sourcecode.swift; path = PagerVC.swift; sourceTree = "<group>"; };
		8236A68F1F5C2F6D006F8F26 /* PlayerView.swift */ = {isa = PBXFileReference; fileEncoding = 4; lastKnownFileType = sourcecode.swift; path = PlayerView.swift; sourceTree = "<group>"; };
		8236A6901F5C2F6D006F8F26 /* PlayerView.xib */ = {isa = PBXFileReference; fileEncoding = 4; lastKnownFileType = file.xib; path = PlayerView.xib; sourceTree = "<group>"; };
		828F82DC1F64FDC4003DB8E5 /* XCDPlayerVC.swift */ = {isa = PBXFileReference; fileEncoding = 4; lastKnownFileType = sourcecode.swift; path = XCDPlayerVC.swift; sourceTree = "<group>"; };
		828F82DE1F64FDDE003DB8E5 /* XCDPlayerView.swift */ = {isa = PBXFileReference; fileEncoding = 4; lastKnownFileType = sourcecode.swift; path = XCDPlayerView.swift; sourceTree = "<group>"; };
		828F82DF1F64FDDE003DB8E5 /* XCDPlayerView.xib */ = {isa = PBXFileReference; fileEncoding = 4; lastKnownFileType = file.xib; path = XCDPlayerView.xib; sourceTree = "<group>"; };
		828F82E91F665006003DB8E5 /* XCDAVPlayerVC.swift */ = {isa = PBXFileReference; fileEncoding = 4; lastKnownFileType = sourcecode.swift; path = XCDAVPlayerVC.swift; sourceTree = "<group>"; };
		828F82EE1F66AFB0003DB8E5 /* Looper2.swift */ = {isa = PBXFileReference; fileEncoding = 4; lastKnownFileType = sourcecode.swift; path = Looper2.swift; sourceTree = "<group>"; };
		828F82F21F66B1DA003DB8E5 /* LooperViewController.swift */ = {isa = PBXFileReference; fileEncoding = 4; lastKnownFileType = sourcecode.swift; path = LooperViewController.swift; sourceTree = "<group>"; };
		828F82F41F66C4D8003DB8E5 /* QueuePlayerLooper2.swift */ = {isa = PBXFileReference; fileEncoding = 4; lastKnownFileType = sourcecode.swift; path = QueuePlayerLooper2.swift; sourceTree = "<group>"; };
		828F82F71F67A102003DB8E5 /* Looper.swift */ = {isa = PBXFileReference; fileEncoding = 4; lastKnownFileType = sourcecode.swift; path = Looper.swift; sourceTree = "<group>"; };
		828F82F81F67A102003DB8E5 /* PlayerLooper.swift */ = {isa = PBXFileReference; fileEncoding = 4; lastKnownFileType = sourcecode.swift; path = PlayerLooper.swift; sourceTree = "<group>"; };
		828F82F91F67A102003DB8E5 /* QueuePlayerLooper.swift */ = {isa = PBXFileReference; fileEncoding = 4; lastKnownFileType = sourcecode.swift; path = QueuePlayerLooper.swift; sourceTree = "<group>"; };
		828F82FD1F67A207003DB8E5 /* ServerPlayerVC.swift */ = {isa = PBXFileReference; fileEncoding = 4; lastKnownFileType = sourcecode.swift; path = ServerPlayerVC.swift; sourceTree = "<group>"; };
		828F83031F67A916003DB8E5 /* ServerPlayerView.swift */ = {isa = PBXFileReference; fileEncoding = 4; lastKnownFileType = sourcecode.swift; path = ServerPlayerView.swift; sourceTree = "<group>"; };
		82A980921F5E652200DC0D21 /* SinglePlayerVC.swift */ = {isa = PBXFileReference; fileEncoding = 4; lastKnownFileType = sourcecode.swift; path = SinglePlayerVC.swift; sourceTree = "<group>"; };
		82A980941F5E653700DC0D21 /* SinglePlayerView.swift */ = {isa = PBXFileReference; fileEncoding = 4; lastKnownFileType = sourcecode.swift; path = SinglePlayerView.swift; sourceTree = "<group>"; };
		82A980951F5E653700DC0D21 /* SinglePlayerView.xib */ = {isa = PBXFileReference; fileEncoding = 4; lastKnownFileType = file.xib; path = SinglePlayerView.xib; sourceTree = "<group>"; };
		82A980981F5E655400DC0D21 /* SinglePlayerWebView.swift */ = {isa = PBXFileReference; fileEncoding = 4; lastKnownFileType = sourcecode.swift; path = SinglePlayerWebView.swift; sourceTree = "<group>"; };
		82A9809A1F5E694100DC0D21 /* SingleJSPlayer.html */ = {isa = PBXFileReference; fileEncoding = 4; lastKnownFileType = text.html; path = SingleJSPlayer.html; sourceTree = "<group>"; };
		82A9809D1F5EBC7700DC0D21 /* YouTubePlayer.swift */ = {isa = PBXFileReference; fileEncoding = 4; lastKnownFileType = sourcecode.swift; path = YouTubePlayer.swift; sourceTree = "<group>"; };
		82A9809E1F5EBC7700DC0D21 /* YTPlayer.html */ = {isa = PBXFileReference; fileEncoding = 4; lastKnownFileType = text.html; path = YTPlayer.html; sourceTree = "<group>"; };
		BFF5DF3B085BF21808929750 /* Pods-NewVideoTest.debug.xcconfig */ = {isa = PBXFileReference; includeInIndex = 1; lastKnownFileType = text.xcconfig; name = "Pods-NewVideoTest.debug.xcconfig"; path = "Pods/Target Support Files/Pods-NewVideoTest/Pods-NewVideoTest.debug.xcconfig"; sourceTree = "<group>"; };
		D4ACE37BBAB9C74C30FDE07A /* Pods_NewVideoTest.framework */ = {isa = PBXFileReference; explicitFileType = wrapper.framework; includeInIndex = 0; path = Pods_NewVideoTest.framework; sourceTree = BUILT_PRODUCTS_DIR; };
		E3DD2CA04647CF84E8F322DB /* Pods_NewVideoTestTests.framework */ = {isa = PBXFileReference; explicitFileType = wrapper.framework; includeInIndex = 0; path = Pods_NewVideoTestTests.framework; sourceTree = BUILT_PRODUCTS_DIR; };
/* End PBXFileReference section */

/* Begin PBXFrameworksBuildPhase section */
		8236A6511F5C1130006F8F26 /* Frameworks */ = {
			isa = PBXFrameworksBuildPhase;
			buildActionMask = 2147483647;
			files = (
				264AA0FFF28197A674D89F46 /* Pods_NewVideoTest.framework in Frameworks */,
			);
			runOnlyForDeploymentPostprocessing = 0;
		};
		8236A6651F5C1130006F8F26 /* Frameworks */ = {
			isa = PBXFrameworksBuildPhase;
			buildActionMask = 2147483647;
			files = (
				BF2068A3A0FD5A067E67BDEB /* Pods_NewVideoTestTests.framework in Frameworks */,
			);
			runOnlyForDeploymentPostprocessing = 0;
		};
		8236A6701F5C1130006F8F26 /* Frameworks */ = {
			isa = PBXFrameworksBuildPhase;
			buildActionMask = 2147483647;
			files = (
				2E0980806AD68F0FBB054788 /* Pods_NewVideoTestUITests.framework in Frameworks */,
			);
			runOnlyForDeploymentPostprocessing = 0;
		};
/* End PBXFrameworksBuildPhase section */

/* Begin PBXGroup section */
		6138D5C22395EE577D963F75 /* Frameworks */ = {
			isa = PBXGroup;
			children = (
				D4ACE37BBAB9C74C30FDE07A /* Pods_NewVideoTest.framework */,
				E3DD2CA04647CF84E8F322DB /* Pods_NewVideoTestTests.framework */,
				0A0F39E3E7D28466136D2679 /* Pods_NewVideoTestUITests.framework */,
			);
			name = Frameworks;
			sourceTree = "<group>";
		};
		8236A64B1F5C1130006F8F26 = {
			isa = PBXGroup;
			children = (
				8236A6561F5C1130006F8F26 /* NewVideoTest */,
				8236A66B1F5C1130006F8F26 /* NewVideoTestTests */,
				8236A6761F5C1130006F8F26 /* NewVideoTestUITests */,
				8236A6551F5C1130006F8F26 /* Products */,
				C75F916E0B4BE545EA945A92 /* Pods */,
				6138D5C22395EE577D963F75 /* Frameworks */,
			);
			sourceTree = "<group>";
		};
		8236A6551F5C1130006F8F26 /* Products */ = {
			isa = PBXGroup;
			children = (
				8236A6541F5C1130006F8F26 /* NewVideoTest.app */,
				8236A6681F5C1130006F8F26 /* NewVideoTestTests.xctest */,
				8236A6731F5C1130006F8F26 /* NewVideoTestUITests.xctest */,
			);
			name = Products;
			sourceTree = "<group>";
		};
		8236A6561F5C1130006F8F26 /* NewVideoTest */ = {
			isa = PBXGroup;
			children = (
				828F82F61F67A0D8003DB8E5 /* ServerPlayer */,
				828F82ED1F66AF90003DB8E5 /* Looper */,
				828F82E21F663DFB003DB8E5 /* XCD_AVPLAYER */,
				828F82DB1F64FD33003DB8E5 /* XCD */,
				82A9809C1F5EBC5100DC0D21 /* YTPlayer */,
				82A980911F5E64E900DC0D21 /* SinglePlayer */,
				8236A68A1F5C28ED006F8F26 /* Pager */,
				8236A6851F5C1333006F8F26 /* WebViewPlayer */,
				8236A6571F5C1130006F8F26 /* AppDelegate.swift */,
				8236A6591F5C1130006F8F26 /* ViewController.swift */,
				8236A65B1F5C1130006F8F26 /* Main.storyboard */,
				8236A65E1F5C1130006F8F26 /* Assets.xcassets */,
				8236A6601F5C1130006F8F26 /* LaunchScreen.storyboard */,
				8236A6631F5C1130006F8F26 /* Info.plist */,
			);
			path = NewVideoTest;
			sourceTree = "<group>";
		};
		8236A66B1F5C1130006F8F26 /* NewVideoTestTests */ = {
			isa = PBXGroup;
			children = (
				8236A66C1F5C1130006F8F26 /* NewVideoTestTests.swift */,
				8236A66E1F5C1130006F8F26 /* Info.plist */,
			);
			path = NewVideoTestTests;
			sourceTree = "<group>";
		};
		8236A6761F5C1130006F8F26 /* NewVideoTestUITests */ = {
			isa = PBXGroup;
			children = (
				8236A6771F5C1130006F8F26 /* NewVideoTestUITests.swift */,
				8236A6791F5C1130006F8F26 /* Info.plist */,
			);
			path = NewVideoTestUITests;
			sourceTree = "<group>";
		};
		8236A6851F5C1333006F8F26 /* WebViewPlayer */ = {
			isa = PBXGroup;
			children = (
				8236A6861F5C1389006F8F26 /* Player.swift */,
				8236A6881F5C13A6006F8F26 /* JSPlayer.html */,
			);
			path = WebViewPlayer;
			sourceTree = "<group>";
		};
		8236A68A1F5C28ED006F8F26 /* Pager */ = {
			isa = PBXGroup;
			children = (
				8236A68B1F5C2939006F8F26 /* PagerVC.swift */,
				8236A68F1F5C2F6D006F8F26 /* PlayerView.swift */,
				8236A6901F5C2F6D006F8F26 /* PlayerView.xib */,
			);
			path = Pager;
			sourceTree = "<group>";
		};
		828F82DB1F64FD33003DB8E5 /* XCD */ = {
			isa = PBXGroup;
			children = (
				828F82DC1F64FDC4003DB8E5 /* XCDPlayerVC.swift */,
				828F82DE1F64FDDE003DB8E5 /* XCDPlayerView.swift */,
				828F82DF1F64FDDE003DB8E5 /* XCDPlayerView.xib */,
			);
			path = XCD;
			sourceTree = "<group>";
		};
		828F82E21F663DFB003DB8E5 /* XCD_AVPLAYER */ = {
			isa = PBXGroup;
			children = (
				828F82E91F665006003DB8E5 /* XCDAVPlayerVC.swift */,
			);
			path = XCD_AVPLAYER;
			sourceTree = "<group>";
		};
		828F82ED1F66AF90003DB8E5 /* Looper */ = {
			isa = PBXGroup;
			children = (
				828F82EE1F66AFB0003DB8E5 /* Looper2.swift */,
				828F82F21F66B1DA003DB8E5 /* LooperViewController.swift */,
				828F82F41F66C4D8003DB8E5 /* QueuePlayerLooper2.swift */,
			);
			path = Looper;
			sourceTree = "<group>";
		};
		828F82F61F67A0D8003DB8E5 /* ServerPlayer */ = {
			isa = PBXGroup;
			children = (
				828F82F71F67A102003DB8E5 /* Looper.swift */,
				828F82F81F67A102003DB8E5 /* PlayerLooper.swift */,
				828F82F91F67A102003DB8E5 /* QueuePlayerLooper.swift */,
				828F82FD1F67A207003DB8E5 /* ServerPlayerVC.swift */,
				828F83031F67A916003DB8E5 /* ServerPlayerView.swift */,
			);
			path = ServerPlayer;
			sourceTree = "<group>";
		};
		82A980911F5E64E900DC0D21 /* SinglePlayer */ = {
			isa = PBXGroup;
			children = (
				82A980921F5E652200DC0D21 /* SinglePlayerVC.swift */,
				82A980941F5E653700DC0D21 /* SinglePlayerView.swift */,
				82A980951F5E653700DC0D21 /* SinglePlayerView.xib */,
				82A980981F5E655400DC0D21 /* SinglePlayerWebView.swift */,
				82A9809A1F5E694100DC0D21 /* SingleJSPlayer.html */,
			);
			path = SinglePlayer;
			sourceTree = "<group>";
		};
		82A9809C1F5EBC5100DC0D21 /* YTPlayer */ = {
			isa = PBXGroup;
			children = (
				82A9809D1F5EBC7700DC0D21 /* YouTubePlayer.swift */,
				82A9809E1F5EBC7700DC0D21 /* YTPlayer.html */,
			);
			path = YTPlayer;
			sourceTree = "<group>";
		};
		C75F916E0B4BE545EA945A92 /* Pods */ = {
			isa = PBXGroup;
			children = (
				BFF5DF3B085BF21808929750 /* Pods-NewVideoTest.debug.xcconfig */,
				6ECEB5EA9EC72A0E762A1000 /* Pods-NewVideoTest.release.xcconfig */,
				497922E4B206B1375100C40F /* Pods-NewVideoTestTests.debug.xcconfig */,
				62F3DB8E05D3ADA0991CEB98 /* Pods-NewVideoTestTests.release.xcconfig */,
				5A525EB604542688E187D141 /* Pods-NewVideoTestUITests.debug.xcconfig */,
				5245192DADEED966E4F13AF8 /* Pods-NewVideoTestUITests.release.xcconfig */,
			);
			name = Pods;
			sourceTree = "<group>";
		};
/* End PBXGroup section */

/* Begin PBXNativeTarget section */
		8236A6531F5C1130006F8F26 /* NewVideoTest */ = {
			isa = PBXNativeTarget;
			buildConfigurationList = 8236A67C1F5C1130006F8F26 /* Build configuration list for PBXNativeTarget "NewVideoTest" */;
			buildPhases = (
				75CEFF8D3E5C41239077FCDA /* [CP] Check Pods Manifest.lock */,
				8236A6501F5C1130006F8F26 /* Sources */,
				8236A6511F5C1130006F8F26 /* Frameworks */,
				8236A6521F5C1130006F8F26 /* Resources */,
				958B8F12A78CA31DD04E0F95 /* [CP] Embed Pods Frameworks */,
				D8F4E1FFA5661334E98BD6AC /* [CP] Copy Pods Resources */,
			);
			buildRules = (
			);
			dependencies = (
			);
			name = NewVideoTest;
			productName = NewVideoTest;
			productReference = 8236A6541F5C1130006F8F26 /* NewVideoTest.app */;
			productType = "com.apple.product-type.application";
		};
		8236A6671F5C1130006F8F26 /* NewVideoTestTests */ = {
			isa = PBXNativeTarget;
			buildConfigurationList = 8236A67F1F5C1130006F8F26 /* Build configuration list for PBXNativeTarget "NewVideoTestTests" */;
			buildPhases = (
				19965B01D477F5A288FE16F3 /* [CP] Check Pods Manifest.lock */,
				8236A6641F5C1130006F8F26 /* Sources */,
				8236A6651F5C1130006F8F26 /* Frameworks */,
				8236A6661F5C1130006F8F26 /* Resources */,
				24C41BAAB3925C2DFA32810A /* [CP] Embed Pods Frameworks */,
				C3FFFED97C7174F2CBC6B0C1 /* [CP] Copy Pods Resources */,
			);
			buildRules = (
			);
			dependencies = (
				8236A66A1F5C1130006F8F26 /* PBXTargetDependency */,
			);
			name = NewVideoTestTests;
			productName = NewVideoTestTests;
			productReference = 8236A6681F5C1130006F8F26 /* NewVideoTestTests.xctest */;
			productType = "com.apple.product-type.bundle.unit-test";
		};
		8236A6721F5C1130006F8F26 /* NewVideoTestUITests */ = {
			isa = PBXNativeTarget;
			buildConfigurationList = 8236A6821F5C1130006F8F26 /* Build configuration list for PBXNativeTarget "NewVideoTestUITests" */;
			buildPhases = (
				6D3EE4B55CC08959514730F7 /* [CP] Check Pods Manifest.lock */,
				8236A66F1F5C1130006F8F26 /* Sources */,
				8236A6701F5C1130006F8F26 /* Frameworks */,
				8236A6711F5C1130006F8F26 /* Resources */,
				3460CED606680F6BC1D7EA02 /* [CP] Embed Pods Frameworks */,
				5AF9D790083FB4DF6F8F6B3F /* [CP] Copy Pods Resources */,
			);
			buildRules = (
			);
			dependencies = (
				8236A6751F5C1130006F8F26 /* PBXTargetDependency */,
			);
			name = NewVideoTestUITests;
			productName = NewVideoTestUITests;
			productReference = 8236A6731F5C1130006F8F26 /* NewVideoTestUITests.xctest */;
			productType = "com.apple.product-type.bundle.ui-testing";
		};
/* End PBXNativeTarget section */

/* Begin PBXProject section */
		8236A64C1F5C1130006F8F26 /* Project object */ = {
			isa = PBXProject;
			attributes = {
				LastSwiftUpdateCheck = 0820;
				LastUpgradeCheck = 0820;
				ORGANIZATIONNAME = SixthSolution;
				TargetAttributes = {
					8236A6531F5C1130006F8F26 = {
						CreatedOnToolsVersion = 8.2.1;
						DevelopmentTeam = 4759EGMM6V;
						ProvisioningStyle = Automatic;
					};
					8236A6671F5C1130006F8F26 = {
						CreatedOnToolsVersion = 8.2.1;
						DevelopmentTeam = Y9CYE9NBLT;
						ProvisioningStyle = Automatic;
						TestTargetID = 8236A6531F5C1130006F8F26;
					};
					8236A6721F5C1130006F8F26 = {
						CreatedOnToolsVersion = 8.2.1;
						DevelopmentTeam = Y9CYE9NBLT;
						ProvisioningStyle = Automatic;
						TestTargetID = 8236A6531F5C1130006F8F26;
					};
				};
			};
			buildConfigurationList = 8236A64F1F5C1130006F8F26 /* Build configuration list for PBXProject "NewVideoTest" */;
			compatibilityVersion = "Xcode 3.2";
			developmentRegion = English;
			hasScannedForEncodings = 0;
			knownRegions = (
				en,
				Base,
			);
			mainGroup = 8236A64B1F5C1130006F8F26;
			productRefGroup = 8236A6551F5C1130006F8F26 /* Products */;
			projectDirPath = "";
			projectRoot = "";
			targets = (
				8236A6531F5C1130006F8F26 /* NewVideoTest */,
				8236A6671F5C1130006F8F26 /* NewVideoTestTests */,
				8236A6721F5C1130006F8F26 /* NewVideoTestUITests */,
			);
		};
/* End PBXProject section */

/* Begin PBXResourcesBuildPhase section */
		8236A6521F5C1130006F8F26 /* Resources */ = {
			isa = PBXResourcesBuildPhase;
			buildActionMask = 2147483647;
			files = (
				8236A6621F5C1130006F8F26 /* LaunchScreen.storyboard in Resources */,
				8236A65F1F5C1130006F8F26 /* Assets.xcassets in Resources */,
				82A980A01F5EBC7700DC0D21 /* YTPlayer.html in Resources */,
				8236A6891F5C13A6006F8F26 /* JSPlayer.html in Resources */,
				828F82E11F64FDDE003DB8E5 /* XCDPlayerView.xib in Resources */,
				82A9809B1F5E694100DC0D21 /* SingleJSPlayer.html in Resources */,
				8236A65D1F5C1130006F8F26 /* Main.storyboard in Resources */,
				8236A6921F5C2F6D006F8F26 /* PlayerView.xib in Resources */,
				82A980971F5E653700DC0D21 /* SinglePlayerView.xib in Resources */,
			);
			runOnlyForDeploymentPostprocessing = 0;
		};
		8236A6661F5C1130006F8F26 /* Resources */ = {
			isa = PBXResourcesBuildPhase;
			buildActionMask = 2147483647;
			files = (
			);
			runOnlyForDeploymentPostprocessing = 0;
		};
		8236A6711F5C1130006F8F26 /* Resources */ = {
			isa = PBXResourcesBuildPhase;
			buildActionMask = 2147483647;
			files = (
			);
			runOnlyForDeploymentPostprocessing = 0;
		};
/* End PBXResourcesBuildPhase section */

/* Begin PBXShellScriptBuildPhase section */
		19965B01D477F5A288FE16F3 /* [CP] Check Pods Manifest.lock */ = {
			isa = PBXShellScriptBuildPhase;
			buildActionMask = 2147483647;
			files = (
			);
			inputPaths = (
			);
			name = "[CP] Check Pods Manifest.lock";
			outputPaths = (
			);
			runOnlyForDeploymentPostprocessing = 0;
			shellPath = /bin/sh;
			shellScript = "diff \"${PODS_PODFILE_DIR_PATH}/Podfile.lock\" \"${PODS_ROOT}/Manifest.lock\" > /dev/null\nif [ $? != 0 ] ; then\n    # print error to STDERR\n    echo \"error: The sandbox is not in sync with the Podfile.lock. Run 'pod install' or update your CocoaPods installation.\" >&2\n    exit 1\nfi\n";
			showEnvVarsInLog = 0;
		};
		24C41BAAB3925C2DFA32810A /* [CP] Embed Pods Frameworks */ = {
			isa = PBXShellScriptBuildPhase;
			buildActionMask = 2147483647;
			files = (
			);
			inputPaths = (
			);
			name = "[CP] Embed Pods Frameworks";
			outputPaths = (
			);
			runOnlyForDeploymentPostprocessing = 0;
			shellPath = /bin/sh;
			shellScript = "\"${SRCROOT}/Pods/Target Support Files/Pods-NewVideoTestTests/Pods-NewVideoTestTests-frameworks.sh\"\n";
			showEnvVarsInLog = 0;
		};
		3460CED606680F6BC1D7EA02 /* [CP] Embed Pods Frameworks */ = {
			isa = PBXShellScriptBuildPhase;
			buildActionMask = 2147483647;
			files = (
			);
			inputPaths = (
			);
			name = "[CP] Embed Pods Frameworks";
			outputPaths = (
			);
			runOnlyForDeploymentPostprocessing = 0;
			shellPath = /bin/sh;
			shellScript = "\"${SRCROOT}/Pods/Target Support Files/Pods-NewVideoTestUITests/Pods-NewVideoTestUITests-frameworks.sh\"\n";
			showEnvVarsInLog = 0;
		};
		5AF9D790083FB4DF6F8F6B3F /* [CP] Copy Pods Resources */ = {
			isa = PBXShellScriptBuildPhase;
			buildActionMask = 2147483647;
			files = (
			);
			inputPaths = (
			);
			name = "[CP] Copy Pods Resources";
			outputPaths = (
			);
			runOnlyForDeploymentPostprocessing = 0;
			shellPath = /bin/sh;
			shellScript = "\"${SRCROOT}/Pods/Target Support Files/Pods-NewVideoTestUITests/Pods-NewVideoTestUITests-resources.sh\"\n";
			showEnvVarsInLog = 0;
		};
		6D3EE4B55CC08959514730F7 /* [CP] Check Pods Manifest.lock */ = {
			isa = PBXShellScriptBuildPhase;
			buildActionMask = 2147483647;
			files = (
			);
			inputPaths = (
			);
			name = "[CP] Check Pods Manifest.lock";
			outputPaths = (
			);
			runOnlyForDeploymentPostprocessing = 0;
			shellPath = /bin/sh;
			shellScript = "diff \"${PODS_PODFILE_DIR_PATH}/Podfile.lock\" \"${PODS_ROOT}/Manifest.lock\" > /dev/null\nif [ $? != 0 ] ; then\n    # print error to STDERR\n    echo \"error: The sandbox is not in sync with the Podfile.lock. Run 'pod install' or update your CocoaPods installation.\" >&2\n    exit 1\nfi\n";
			showEnvVarsInLog = 0;
		};
		75CEFF8D3E5C41239077FCDA /* [CP] Check Pods Manifest.lock */ = {
			isa = PBXShellScriptBuildPhase;
			buildActionMask = 2147483647;
			files = (
			);
			inputPaths = (
			);
			name = "[CP] Check Pods Manifest.lock";
			outputPaths = (
			);
			runOnlyForDeploymentPostprocessing = 0;
			shellPath = /bin/sh;
			shellScript = "diff \"${PODS_PODFILE_DIR_PATH}/Podfile.lock\" \"${PODS_ROOT}/Manifest.lock\" > /dev/null\nif [ $? != 0 ] ; then\n    # print error to STDERR\n    echo \"error: The sandbox is not in sync with the Podfile.lock. Run 'pod install' or update your CocoaPods installation.\" >&2\n    exit 1\nfi\n";
			showEnvVarsInLog = 0;
		};
		958B8F12A78CA31DD04E0F95 /* [CP] Embed Pods Frameworks */ = {
			isa = PBXShellScriptBuildPhase;
			buildActionMask = 2147483647;
			files = (
			);
			inputPaths = (
			);
			name = "[CP] Embed Pods Frameworks";
			outputPaths = (
			);
			runOnlyForDeploymentPostprocessing = 0;
			shellPath = /bin/sh;
			shellScript = "\"${SRCROOT}/Pods/Target Support Files/Pods-NewVideoTest/Pods-NewVideoTest-frameworks.sh\"\n";
			showEnvVarsInLog = 0;
		};
		C3FFFED97C7174F2CBC6B0C1 /* [CP] Copy Pods Resources */ = {
			isa = PBXShellScriptBuildPhase;
			buildActionMask = 2147483647;
			files = (
			);
			inputPaths = (
			);
			name = "[CP] Copy Pods Resources";
			outputPaths = (
			);
			runOnlyForDeploymentPostprocessing = 0;
			shellPath = /bin/sh;
			shellScript = "\"${SRCROOT}/Pods/Target Support Files/Pods-NewVideoTestTests/Pods-NewVideoTestTests-resources.sh\"\n";
			showEnvVarsInLog = 0;
		};
		D8F4E1FFA5661334E98BD6AC /* [CP] Copy Pods Resources */ = {
			isa = PBXShellScriptBuildPhase;
			buildActionMask = 2147483647;
			files = (
			);
			inputPaths = (
			);
			name = "[CP] Copy Pods Resources";
			outputPaths = (
			);
			runOnlyForDeploymentPostprocessing = 0;
			shellPath = /bin/sh;
			shellScript = "\"${SRCROOT}/Pods/Target Support Files/Pods-NewVideoTest/Pods-NewVideoTest-resources.sh\"\n";
			showEnvVarsInLog = 0;
		};
/* End PBXShellScriptBuildPhase section */

/* Begin PBXSourcesBuildPhase section */
		8236A6501F5C1130006F8F26 /* Sources */ = {
			isa = PBXSourcesBuildPhase;
			buildActionMask = 2147483647;
			files = (
				828F82F31F66B1DA003DB8E5 /* LooperViewController.swift in Sources */,
				82A9809F1F5EBC7700DC0D21 /* YouTubePlayer.swift in Sources */,
				828F82DD1F64FDC4003DB8E5 /* XCDPlayerVC.swift in Sources */,
				8236A68C1F5C2939006F8F26 /* PagerVC.swift in Sources */,
				8236A65A1F5C1130006F8F26 /* ViewController.swift in Sources */,
				828F82EF1F66AFB0003DB8E5 /* Looper2.swift in Sources */,
				828F82FB1F67A102003DB8E5 /* PlayerLooper.swift in Sources */,
				8236A6871F5C1389006F8F26 /* Player.swift in Sources */,
				82A980961F5E653700DC0D21 /* SinglePlayerView.swift in Sources */,
				828F82FE1F67A207003DB8E5 /* ServerPlayerVC.swift in Sources */,
				828F82FA1F67A102003DB8E5 /* Looper.swift in Sources */,
				828F82F51F66C4D8003DB8E5 /* QueuePlayerLooper2.swift in Sources */,
				828F83041F67A916003DB8E5 /* ServerPlayerView.swift in Sources */,
				82A980991F5E655400DC0D21 /* SinglePlayerWebView.swift in Sources */,
				82A980931F5E652200DC0D21 /* SinglePlayerVC.swift in Sources */,
				828F82E01F64FDDE003DB8E5 /* XCDPlayerView.swift in Sources */,
				8236A6911F5C2F6D006F8F26 /* PlayerView.swift in Sources */,
				828F82EA1F665006003DB8E5 /* XCDAVPlayerVC.swift in Sources */,
				8236A6581F5C1130006F8F26 /* AppDelegate.swift in Sources */,
				828F82FC1F67A102003DB8E5 /* QueuePlayerLooper.swift in Sources */,
			);
			runOnlyForDeploymentPostprocessing = 0;
		};
		8236A6641F5C1130006F8F26 /* Sources */ = {
			isa = PBXSourcesBuildPhase;
			buildActionMask = 2147483647;
			files = (
				8236A66D1F5C1130006F8F26 /* NewVideoTestTests.swift in Sources */,
			);
			runOnlyForDeploymentPostprocessing = 0;
		};
		8236A66F1F5C1130006F8F26 /* Sources */ = {
			isa = PBXSourcesBuildPhase;
			buildActionMask = 2147483647;
			files = (
				8236A6781F5C1130006F8F26 /* NewVideoTestUITests.swift in Sources */,
			);
			runOnlyForDeploymentPostprocessing = 0;
		};
/* End PBXSourcesBuildPhase section */

/* Begin PBXTargetDependency section */
		8236A66A1F5C1130006F8F26 /* PBXTargetDependency */ = {
			isa = PBXTargetDependency;
			target = 8236A6531F5C1130006F8F26 /* NewVideoTest */;
			targetProxy = 8236A6691F5C1130006F8F26 /* PBXContainerItemProxy */;
		};
		8236A6751F5C1130006F8F26 /* PBXTargetDependency */ = {
			isa = PBXTargetDependency;
			target = 8236A6531F5C1130006F8F26 /* NewVideoTest */;
			targetProxy = 8236A6741F5C1130006F8F26 /* PBXContainerItemProxy */;
		};
/* End PBXTargetDependency section */

/* Begin PBXVariantGroup section */
		8236A65B1F5C1130006F8F26 /* Main.storyboard */ = {
			isa = PBXVariantGroup;
			children = (
				8236A65C1F5C1130006F8F26 /* Base */,
			);
			name = Main.storyboard;
			sourceTree = "<group>";
		};
		8236A6601F5C1130006F8F26 /* LaunchScreen.storyboard */ = {
			isa = PBXVariantGroup;
			children = (
				8236A6611F5C1130006F8F26 /* Base */,
			);
			name = LaunchScreen.storyboard;
			sourceTree = "<group>";
		};
/* End PBXVariantGroup section */

/* Begin XCBuildConfiguration section */
		8236A67A1F5C1130006F8F26 /* Debug */ = {
			isa = XCBuildConfiguration;
			buildSettings = {
				ALWAYS_SEARCH_USER_PATHS = NO;
				CLANG_ANALYZER_NONNULL = YES;
				CLANG_CXX_LANGUAGE_STANDARD = "gnu++0x";
				CLANG_CXX_LIBRARY = "libc++";
				CLANG_ENABLE_MODULES = YES;
				CLANG_ENABLE_OBJC_ARC = YES;
				CLANG_WARN_BOOL_CONVERSION = YES;
				CLANG_WARN_CONSTANT_CONVERSION = YES;
				CLANG_WARN_DIRECT_OBJC_ISA_USAGE = YES_ERROR;
				CLANG_WARN_DOCUMENTATION_COMMENTS = YES;
				CLANG_WARN_EMPTY_BODY = YES;
				CLANG_WARN_ENUM_CONVERSION = YES;
				CLANG_WARN_INFINITE_RECURSION = YES;
				CLANG_WARN_INT_CONVERSION = YES;
				CLANG_WARN_OBJC_ROOT_CLASS = YES_ERROR;
				CLANG_WARN_SUSPICIOUS_MOVE = YES;
				CLANG_WARN_UNREACHABLE_CODE = YES;
				CLANG_WARN__DUPLICATE_METHOD_MATCH = YES;
				"CODE_SIGN_IDENTITY[sdk=iphoneos*]" = "iPhone Developer";
				COPY_PHASE_STRIP = NO;
				DEBUG_INFORMATION_FORMAT = dwarf;
				ENABLE_STRICT_OBJC_MSGSEND = YES;
				ENABLE_TESTABILITY = YES;
				GCC_C_LANGUAGE_STANDARD = gnu99;
				GCC_DYNAMIC_NO_PIC = NO;
				GCC_NO_COMMON_BLOCKS = YES;
				GCC_OPTIMIZATION_LEVEL = 0;
				GCC_PREPROCESSOR_DEFINITIONS = (
					"DEBUG=1",
					"$(inherited)",
				);
				GCC_WARN_64_TO_32_BIT_CONVERSION = YES;
				GCC_WARN_ABOUT_RETURN_TYPE = YES_ERROR;
				GCC_WARN_UNDECLARED_SELECTOR = YES;
				GCC_WARN_UNINITIALIZED_AUTOS = YES_AGGRESSIVE;
				GCC_WARN_UNUSED_FUNCTION = YES;
				GCC_WARN_UNUSED_VARIABLE = YES;
				IPHONEOS_DEPLOYMENT_TARGET = 10.2;
				MTL_ENABLE_DEBUG_INFO = YES;
				ONLY_ACTIVE_ARCH = YES;
				SDKROOT = iphoneos;
				SWIFT_ACTIVE_COMPILATION_CONDITIONS = DEBUG;
				SWIFT_OPTIMIZATION_LEVEL = "-Onone";
				TARGETED_DEVICE_FAMILY = "1,2";
			};
			name = Debug;
		};
		8236A67B1F5C1130006F8F26 /* Release */ = {
			isa = XCBuildConfiguration;
			buildSettings = {
				ALWAYS_SEARCH_USER_PATHS = NO;
				CLANG_ANALYZER_NONNULL = YES;
				CLANG_CXX_LANGUAGE_STANDARD = "gnu++0x";
				CLANG_CXX_LIBRARY = "libc++";
				CLANG_ENABLE_MODULES = YES;
				CLANG_ENABLE_OBJC_ARC = YES;
				CLANG_WARN_BOOL_CONVERSION = YES;
				CLANG_WARN_CONSTANT_CONVERSION = YES;
				CLANG_WARN_DIRECT_OBJC_ISA_USAGE = YES_ERROR;
				CLANG_WARN_DOCUMENTATION_COMMENTS = YES;
				CLANG_WARN_EMPTY_BODY = YES;
				CLANG_WARN_ENUM_CONVERSION = YES;
				CLANG_WARN_INFINITE_RECURSION = YES;
				CLANG_WARN_INT_CONVERSION = YES;
				CLANG_WARN_OBJC_ROOT_CLASS = YES_ERROR;
				CLANG_WARN_SUSPICIOUS_MOVE = YES;
				CLANG_WARN_UNREACHABLE_CODE = YES;
				CLANG_WARN__DUPLICATE_METHOD_MATCH = YES;
				"CODE_SIGN_IDENTITY[sdk=iphoneos*]" = "iPhone Developer";
				COPY_PHASE_STRIP = NO;
				DEBUG_INFORMATION_FORMAT = "dwarf-with-dsym";
				ENABLE_NS_ASSERTIONS = NO;
				ENABLE_STRICT_OBJC_MSGSEND = YES;
				GCC_C_LANGUAGE_STANDARD = gnu99;
				GCC_NO_COMMON_BLOCKS = YES;
				GCC_WARN_64_TO_32_BIT_CONVERSION = YES;
				GCC_WARN_ABOUT_RETURN_TYPE = YES_ERROR;
				GCC_WARN_UNDECLARED_SELECTOR = YES;
				GCC_WARN_UNINITIALIZED_AUTOS = YES_AGGRESSIVE;
				GCC_WARN_UNUSED_FUNCTION = YES;
				GCC_WARN_UNUSED_VARIABLE = YES;
				IPHONEOS_DEPLOYMENT_TARGET = 10.2;
				MTL_ENABLE_DEBUG_INFO = NO;
				SDKROOT = iphoneos;
				SWIFT_OPTIMIZATION_LEVEL = "-Owholemodule";
				TARGETED_DEVICE_FAMILY = "1,2";
				VALIDATE_PRODUCT = YES;
			};
			name = Release;
		};
		8236A67D1F5C1130006F8F26 /* Debug */ = {
			isa = XCBuildConfiguration;
			baseConfigurationReference = BFF5DF3B085BF21808929750 /* Pods-NewVideoTest.debug.xcconfig */;
			buildSettings = {
				ASSETCATALOG_COMPILER_APPICON_NAME = AppIcon;
				"CODE_SIGN_IDENTITY[sdk=iphoneos*]" = "iPhone Developer";
				DEVELOPMENT_TEAM = 4759EGMM6V;
				INFOPLIST_FILE = NewVideoTest/Info.plist;
				LD_RUNPATH_SEARCH_PATHS = "$(inherited) @executable_path/Frameworks";
				PRODUCT_BUNDLE_IDENTIFIER = com.sixthsolution.NewVideoTest;
				PRODUCT_NAME = "$(TARGET_NAME)";
				SWIFT_VERSION = 3.0;
			};
			name = Debug;
		};
		8236A67E1F5C1130006F8F26 /* Release */ = {
			isa = XCBuildConfiguration;
			baseConfigurationReference = 6ECEB5EA9EC72A0E762A1000 /* Pods-NewVideoTest.release.xcconfig */;
			buildSettings = {
				ASSETCATALOG_COMPILER_APPICON_NAME = AppIcon;
				"CODE_SIGN_IDENTITY[sdk=iphoneos*]" = "iPhone Developer";
				DEVELOPMENT_TEAM = 4759EGMM6V;
				INFOPLIST_FILE = NewVideoTest/Info.plist;
				LD_RUNPATH_SEARCH_PATHS = "$(inherited) @executable_path/Frameworks";
				PRODUCT_BUNDLE_IDENTIFIER = com.sixthsolution.NewVideoTest;
				PRODUCT_NAME = "$(TARGET_NAME)";
				SWIFT_VERSION = 3.0;
			};
			name = Release;
		};
		8236A6801F5C1130006F8F26 /* Debug */ = {
			isa = XCBuildConfiguration;
			baseConfigurationReference = 497922E4B206B1375100C40F /* Pods-NewVideoTestTests.debug.xcconfig */;
			buildSettings = {
				ALWAYS_EMBED_SWIFT_STANDARD_LIBRARIES = YES;
				BUNDLE_LOADER = "$(TEST_HOST)";
				DEVELOPMENT_TEAM = Y9CYE9NBLT;
				INFOPLIST_FILE = NewVideoTestTests/Info.plist;
				LD_RUNPATH_SEARCH_PATHS = "$(inherited) @executable_path/Frameworks @loader_path/Frameworks";
				PRODUCT_BUNDLE_IDENTIFIER = com.sixthsolution.NewVideoTestTests;
				PRODUCT_NAME = "$(TARGET_NAME)";
				SWIFT_VERSION = 3.0;
				TEST_HOST = "$(BUILT_PRODUCTS_DIR)/NewVideoTest.app/NewVideoTest";
			};
			name = Debug;
		};
		8236A6811F5C1130006F8F26 /* Release */ = {
			isa = XCBuildConfiguration;
			baseConfigurationReference = 62F3DB8E05D3ADA0991CEB98 /* Pods-NewVideoTestTests.release.xcconfig */;
			buildSettings = {
				ALWAYS_EMBED_SWIFT_STANDARD_LIBRARIES = YES;
				BUNDLE_LOADER = "$(TEST_HOST)";
				DEVELOPMENT_TEAM = Y9CYE9NBLT;
				INFOPLIST_FILE = NewVideoTestTests/Info.plist;
				LD_RUNPATH_SEARCH_PATHS = "$(inherited) @executable_path/Frameworks @loader_path/Frameworks";
				PRODUCT_BUNDLE_IDENTIFIER = com.sixthsolution.NewVideoTestTests;
				PRODUCT_NAME = "$(TARGET_NAME)";
				SWIFT_VERSION = 3.0;
				TEST_HOST = "$(BUILT_PRODUCTS_DIR)/NewVideoTest.app/NewVideoTest";
			};
			name = Release;
		};
		8236A6831F5C1130006F8F26 /* Debug */ = {
			isa = XCBuildConfiguration;
			baseConfigurationReference = 5A525EB604542688E187D141 /* Pods-NewVideoTestUITests.debug.xcconfig */;
			buildSettings = {
				ALWAYS_EMBED_SWIFT_STANDARD_LIBRARIES = YES;
				DEVELOPMENT_TEAM = Y9CYE9NBLT;
				INFOPLIST_FILE = NewVideoTestUITests/Info.plist;
				LD_RUNPATH_SEARCH_PATHS = "$(inherited) @executable_path/Frameworks @loader_path/Frameworks";
				PRODUCT_BUNDLE_IDENTIFIER = com.sixthsolution.NewVideoTestUITests;
				PRODUCT_NAME = "$(TARGET_NAME)";
				SWIFT_VERSION = 3.0;
				TEST_TARGET_NAME = NewVideoTest;
			};
			name = Debug;
		};
		8236A6841F5C1130006F8F26 /* Release */ = {
			isa = XCBuildConfiguration;
			baseConfigurationReference = 5245192DADEED966E4F13AF8 /* Pods-NewVideoTestUITests.release.xcconfig */;
			buildSettings = {
				ALWAYS_EMBED_SWIFT_STANDARD_LIBRARIES = YES;
				DEVELOPMENT_TEAM = Y9CYE9NBLT;
				INFOPLIST_FILE = NewVideoTestUITests/Info.plist;
				LD_RUNPATH_SEARCH_PATHS = "$(inherited) @executable_path/Frameworks @loader_path/Frameworks";
				PRODUCT_BUNDLE_IDENTIFIER = com.sixthsolution.NewVideoTestUITests;
				PRODUCT_NAME = "$(TARGET_NAME)";
				SWIFT_VERSION = 3.0;
				TEST_TARGET_NAME = NewVideoTest;
			};
			name = Release;
		};
/* End XCBuildConfiguration section */

/* Begin XCConfigurationList section */
		8236A64F1F5C1130006F8F26 /* Build configuration list for PBXProject "NewVideoTest" */ = {
			isa = XCConfigurationList;
			buildConfigurations = (
				8236A67A1F5C1130006F8F26 /* Debug */,
				8236A67B1F5C1130006F8F26 /* Release */,
			);
			defaultConfigurationIsVisible = 0;
			defaultConfigurationName = Release;
		};
		8236A67C1F5C1130006F8F26 /* Build configuration list for PBXNativeTarget "NewVideoTest" */ = {
			isa = XCConfigurationList;
			buildConfigurations = (
				8236A67D1F5C1130006F8F26 /* Debug */,
				8236A67E1F5C1130006F8F26 /* Release */,
			);
			defaultConfigurationIsVisible = 0;
			defaultConfigurationName = Release;
		};
		8236A67F1F5C1130006F8F26 /* Build configuration list for PBXNativeTarget "NewVideoTestTests" */ = {
			isa = XCConfigurationList;
			buildConfigurations = (
				8236A6801F5C1130006F8F26 /* Debug */,
				8236A6811F5C1130006F8F26 /* Release */,
			);
			defaultConfigurationIsVisible = 0;
			defaultConfigurationName = Release;
		};
		8236A6821F5C1130006F8F26 /* Build configuration list for PBXNativeTarget "NewVideoTestUITests" */ = {
			isa = XCConfigurationList;
			buildConfigurations = (
				8236A6831F5C1130006F8F26 /* Debug */,
				8236A6841F5C1130006F8F26 /* Release */,
			);
			defaultConfigurationIsVisible = 0;
			defaultConfigurationName = Release;
		};
/* End XCConfigurationList section */
	};
	rootObject = 8236A64C1F5C1130006F8F26 /* Project object */;
}
